
Microsoft Visual Studio Solution File, Format Version 12.00
# Visual Studio Version 16
VisualStudioVersion = 16.0.31019.35
MinimumVisualStudioVersion = 10.0.40219.1
Project("{9A19103F-16F7-4668-BE54-9A1E7A4F7556}") = "Object-Oriented-ProgrammingWindowsForm", "Object-Oriented-ProgrammingWindowsForm\Object-Oriented-ProgrammingWindowsForm.csproj", "{AFFC4D56-F7DB-4562-BD95-1147A6CDE3B1}"
EndProject
Project("{9A19103F-16F7-4668-BE54-9A1E7A4F7556}") = "Inheritance", "OOP2\Inheritance.csproj", "{2976AAC7-2B46-4729-9CBC-0E2B04B2062F}"
EndProject
Project("{9A19103F-16F7-4668-BE54-9A1E7A4F7556}") = "Encapsulation", "Encapsulation\Encapsulation.csproj", "{A1971B32-B17C-4361-B31C-3F883FB8D6A2}"
EndProject
Project("{FAE04EC0-301F-11D3-BF4B-00C04F79EFBC}") = "Polymorphism", "Polymorphism\Polymorphism.csproj", "{3B1CE0B6-B4F2-41CD-9FB4-69B8B90E9A4A}"
EndProject
Global
	GlobalSection(SolutionConfigurationPlatforms) = preSolution
		Debug|Any CPU = Debug|Any CPU
		Release|Any CPU = Release|Any CPU
	EndGlobalSection
	GlobalSection(ProjectConfigurationPlatforms) = postSolution
		{AFFC4D56-F7DB-4562-BD95-1147A6CDE3B1}.Debug|Any CPU.ActiveCfg = Debug|Any CPU
		{AFFC4D56-F7DB-4562-BD95-1147A6CDE3B1}.Debug|Any CPU.Build.0 = Debug|Any CPU
		{AFFC4D56-F7DB-4562-BD95-1147A6CDE3B1}.Release|Any CPU.ActiveCfg = Release|Any CPU
		{AFFC4D56-F7DB-4562-BD95-1147A6CDE3B1}.Release|Any CPU.Build.0 = Release|Any CPU
		{2976AAC7-2B46-4729-9CBC-0E2B04B2062F}.Debug|Any CPU.ActiveCfg = Debug|Any CPU
		{2976AAC7-2B46-4729-9CBC-0E2B04B2062F}.Debug|Any CPU.Build.0 = Debug|Any CPU
		{2976AAC7-2B46-4729-9CBC-0E2B04B2062F}.Release|Any CPU.ActiveCfg = Release|Any CPU
		{2976AAC7-2B46-4729-9CBC-0E2B04B2062F}.Release|Any CPU.Build.0 = Release|Any CPU
		{A1971B32-B17C-4361-B31C-3F883FB8D6A2}.Debug|Any CPU.ActiveCfg = Debug|Any CPU
		{A1971B32-B17C-4361-B31C-3F883FB8D6A2}.Debug|Any CPU.Build.0 = Debug|Any CPU
		{A1971B32-B17C-4361-B31C-3F883FB8D6A2}.Release|Any CPU.ActiveCfg = Release|Any CPU
		{A1971B32-B17C-4361-B31C-3F883FB8D6A2}.Release|Any CPU.Build.0 = Release|Any CPU
		{3B1CE0B6-B4F2-41CD-9FB4-69B8B90E9A4A}.Debug|Any CPU.ActiveCfg = Debug|Any CPU
		{3B1CE0B6-B4F2-41CD-9FB4-69B8B90E9A4A}.Debug|Any CPU.Build.0 = Debug|Any CPU
		{3B1CE0B6-B4F2-41CD-9FB4-69B8B90E9A4A}.Release|Any CPU.ActiveCfg = Release|Any CPU
		{3B1CE0B6-B4F2-41CD-9FB4-69B8B90E9A4A}.Release|Any CPU.Build.0 = Release|Any CPU
	EndGlobalSection
	GlobalSection(SolutionProperties) = preSolution
		HideSolutionNode = FALSE
	EndGlobalSection
	GlobalSection(ExtensibilityGlobals) = postSolution
		SolutionGuid = {74C6C426-EF22-4FDA-B684-768A9DA6B5BA}
	EndGlobalSection
EndGlobal
